# THIS IS AN AUTOGENERATED FILE. DO NOT EDIT THIS FILE DIRECTLY.
# yarn lockfile v1


"@babel/runtime@^7.10.2":
  version "7.23.9"
  resolved "https://registry.yarnpkg.com/@babel/runtime/-/runtime-7.23.9.tgz#47791a15e4603bb5f905bc0753801cf21d6345f7"
  integrity sha512-0CX6F+BI2s9dkUqr08KFrAIZgNFj75rdBU/DjCyYLIaV/quFjkk6T+EJ2LkZHyZTbEV4L5p97mNkUsHl2wLFAw==
  dependencies:
    regenerator-runtime "^0.14.0"

"@codexteam/icons@^0.0.4":
  version "0.0.4"
  resolved "https://registry.yarnpkg.com/@codexteam/icons/-/icons-0.0.4.tgz#8b72dcd3f3a1b0d880bdceb2abebd74b46d3ae13"
  integrity sha512-V8N/TY2TGyas4wLrPIFq7bcow68b3gu8DfDt1+rrHPtXxcexadKauRJL6eQgfG7Z0LCrN4boLRawR4S9gjIh/Q==

"@drewble/editorjs-canto@https://github.com/drewble/editorjs-canto.git#v1.0.0":
  version "1.0.0"
  resolved "https://github.com/drewble/editorjs-canto.git#fd62b9f15181abf7a0198a1f9be793d29ec5a532"
  dependencies:
    "@babel/runtime" "^7.10.2"
    "@codexteam/icons" "^0.0.4"

regenerator-runtime@^0.14.0:
  version "0.14.1"
  resolved "https://registry.yarnpkg.com/regenerator-runtime/-/regenerator-runtime-0.14.1.tgz#356ade10263f685dda125100cd862c1db895327f"
  integrity sha512-dYnhHh0nJoMfnkZs6GmmhFknAGRrLznOu5nc9ML+EJxGvrx6H7teuevqVqCuPcPK//3eDrrjQhehXVx9cnkGdw==
