# THIS IS AN AUTOGENERATED FILE. DO NOT EDIT THIS FILE DIRECTLY.
# yarn lockfile v1


"@babel/runtime@^7.10.2":
  version "7.12.5"
  resolved "https://registry.npmjs.org/@babel/runtime/-/runtime-7.12.5.tgz"
  integrity sha512-plcc+hbExy3McchJCEQG3knOsuh3HH+Prx1P6cLIkET/0dLuQDEnrT+s27Axgc9bqfsmNUNHfscgMUdBpC9xfg==
  dependencies:
    regenerator-runtime "^0.13.4"

"@codexteam/icons@^0.0.4":
  version "0.0.4"
  resolved "https://registry.yarnpkg.com/@codexteam/icons/-/icons-0.0.4.tgz#8b72dcd3f3a1b0d880bdceb2abebd74b46d3ae13"
  integrity sha512-V8N/TY2TGyas4wLrPIFq7bcow68b3gu8DfDt1+rrHPtXxcexadKauRJL6eQgfG7Z0LCrN4boLRawR4S9gjIh/Q==

"@drewble/editorjs-canto@https://github.com/drewble/editorjs-canto.git":
  version "1.0.0"
  resolved "https://github.com/drewble/editorjs-canto.git#020a6eea89be4b7cbaac34711bab6635e0953af5"
  dependencies:
    "@babel/runtime" "^7.10.2"
    "@codexteam/icons" "^0.0.4"

regenerator-runtime@^0.13.4:
  version "0.13.7"
  resolved "https://registry.npmjs.org/regenerator-runtime/-/regenerator-runtime-0.13.7.tgz"
  integrity sha512-a54FxoJDIr27pgf7IgeQGxmqUNYrcV338lf/6gH456HZ/PhX+5BcwHXG9ajESmwe6WRO0tAzRUrRmNONWgkrew==
